{
  "name": "stencil-project",
  "lockfileVersion": 2,
  "requires": true,
  "packages": {
    "": {
      "dependencies": {
        "stencil": "^0.0.5"
      }
    },
    "node_modules/stencil": {
      "version": "0.0.5",
      "resolved": "https://registry.npmjs.org/stencil/-/stencil-0.0.5.tgz",
      "integrity": "sha1-1x/dkz47H3JHNrXDiPGRp+f8HUc=",
      "dependencies": {
        "xmldom": "0.1.15"
      }
    },
    "node_modules/xmldom": {
      "version": "0.1.15",
      "resolved": "https://registry.npmjs.org/xmldom/-/xmldom-0.1.15.tgz",
      "integrity": "sha1-swSAYvG91S7cQhQkRZ8G3O6y+U0=",
      "deprecated": "Deprecated due to CVE-2021-21366 resolved in 0.5.0",
      "engines": {
        "node": ">=0.1"
      }
    }
  },
  "dependencies": {
    "stencil": {
      "version": "0.0.5",
      "resolved": "https://registry.npmjs.org/stencil/-/stencil-0.0.5.tgz",
      "integrity": "sha1-1x/dkz47H3JHNrXDiPGRp+f8HUc=",
      "requires": {
        "xmldom": "0.1.15"
      }
    },
    "xmldom": {
      "version": "0.1.15",
      "resolved": "https://registry.npmjs.org/xmldom/-/xmldom-0.1.15.tgz",
      "integrity": "sha1-swSAYvG91S7cQhQkRZ8G3O6y+U0="
    }
  }
}
